
Microsoft Visual Studio Solution File, Format Version 12.00
# Visual Studio 15
VisualStudioVersion = 15.0.28307.1082
MinimumVisualStudioVersion = 10.0.40219.1
Project("{FAE04EC0-301F-11D3-BF4B-00C04F79EFBC}") = "FramewrokTest", "FramewrokTest\FramewrokTest.csproj", "{BFF00985-5760-4AAE-AA5F-4D090E2E6B89}"
EndProject
Global
	GlobalSection(SolutionConfigurationPlatforms) = preSolution
		Debug|Any CPU = Debug|Any CPU
		Release|Any CPU = Release|Any CPU
	EndGlobalSection
	GlobalSection(ProjectConfigurationPlatforms) = postSolution
		{BFF00985-5760-4AAE-AA5F-4D090E2E6B89}.Debug|Any CPU.ActiveCfg = Debug|Any CPU
		{BFF00985-5760-4AAE-AA5F-4D090E2E6B89}.Debug|Any CPU.Build.0 = Debug|Any CPU
		{BFF00985-5760-4AAE-AA5F-4D090E2E6B89}.Release|Any CPU.ActiveCfg = Release|Any CPU
		{BFF00985-5760-4AAE-AA5F-4D090E2E6B89}.Release|Any CPU.Build.0 = Release|Any CPU
	EndGlobalSection
	GlobalSection(SolutionProperties) = preSolution
		HideSolutionNode = FALSE
	EndGlobalSection
	GlobalSection(ExtensibilityGlobals) = postSolution
		SolutionGuid = {FBD885DC-A4BF-446E-8578-D1712E8754B7}
	EndGlobalSection
EndGlobal
